// !$*UTF8*$!
{
	archiveVersion = 1;
	classes = {
	};
	objectVersion = 56;
	objects = {

/* Begin PBXBuildFile section */
		186F8A142A41ABB9005AFD20 /* FIREMessageApp.swift in Sources */ = {isa = PBXBuildFile; fileRef = 186F8A132A41ABB9005AFD20 /* FIREMessageApp.swift */; };
		186F8A162A41ABB9005AFD20 /* ContentView.swift in Sources */ = {isa = PBXBuildFile; fileRef = 186F8A152A41ABB9005AFD20 /* ContentView.swift */; };
		186F8A182A41ABBB005AFD20 /* Assets.xcassets in Resources */ = {isa = PBXBuildFile; fileRef = 186F8A172A41ABBB005AFD20 /* Assets.xcassets */; };
		186F8A1B2A41ABBB005AFD20 /* Preview Assets.xcassets in Resources */ = {isa = PBXBuildFile; fileRef = 186F8A1A2A41ABBB005AFD20 /* Preview Assets.xcassets */; };
		186F8A222A41AC18005AFD20 /* GoogleService-Info.plist in Resources */ = {isa = PBXBuildFile; fileRef = 186F8A212A41AC18005AFD20 /* GoogleService-Info.plist */; };
		186F8A262A41AD39005AFD20 /* FirebaseFirestore in Frameworks */ = {isa = PBXBuildFile; productRef = 186F8A252A41AD39005AFD20 /* FirebaseFirestore */; };
		186F8A322A41C134005AFD20 /* TitleRow.swift in Sources */ = {isa = PBXBuildFile; fileRef = 186F8A312A41C134005AFD20 /* TitleRow.swift */; };
		186F8A362A41C30A005AFD20 /* Message.swift in Sources */ = {isa = PBXBuildFile; fileRef = 186F8A352A41C30A005AFD20 /* Message.swift */; };
		186F8A382A41C356005AFD20 /* MessageBubble.swift in Sources */ = {isa = PBXBuildFile; fileRef = 186F8A372A41C356005AFD20 /* MessageBubble.swift */; };
		186F8A3A2A41C7C1005AFD20 /* Extensions.swift in Sources */ = {isa = PBXBuildFile; fileRef = 186F8A392A41C7C1005AFD20 /* Extensions.swift */; };
		186F8A3C2A41C9E1005AFD20 /* MessageField.swift in Sources */ = {isa = PBXBuildFile; fileRef = 186F8A3B2A41C9E1005AFD20 /* MessageField.swift */; };
		186F8A3E2A41CE5D005AFD20 /* FirebaseFirestoreSwift in Frameworks */ = {isa = PBXBuildFile; productRef = 186F8A3D2A41CE5D005AFD20 /* FirebaseFirestoreSwift */; };
		186F8A402A41D17C005AFD20 /* MessagesManager.swift in Sources */ = {isa = PBXBuildFile; fileRef = 186F8A3F2A41D17C005AFD20 /* MessagesManager.swift */; };
/* End PBXBuildFile section */

/* Begin PBXFileReference section */
		186F8A102A41ABB9005AFD20 /* FIREMessage.app */ = {isa = PBXFileReference; explicitFileType = wrapper.application; includeInIndex = 0; path = FIREMessage.app; sourceTree = BUILT_PRODUCTS_DIR; };
		186F8A132A41ABB9005AFD20 /* FIREMessageApp.swift */ = {isa = PBXFileReference; lastKnownFileType = sourcecode.swift; path = FIREMessageApp.swift; sourceTree = "<group>"; };
		186F8A152A41ABB9005AFD20 /* ContentView.swift */ = {isa = PBXFileReference; lastKnownFileType = sourcecode.swift; path = ContentView.swift; sourceTree = "<group>"; };
		186F8A172A41ABBB005AFD20 /* Assets.xcassets */ = {isa = PBXFileReference; lastKnownFileType = folder.assetcatalog; path = Assets.xcassets; sourceTree = "<group>"; };
		186F8A1A2A41ABBB005AFD20 /* Preview Assets.xcassets */ = {isa = PBXFileReference; lastKnownFileType = folder.assetcatalog; path = "Preview Assets.xcassets"; sourceTree = "<group>"; };
		186F8A212A41AC18005AFD20 /* GoogleService-Info.plist */ = {isa = PBXFileReference; fileEncoding = 4; lastKnownFileType = text.plist.xml; path = "GoogleService-Info.plist"; sourceTree = "<group>"; };
		186F8A312A41C134005AFD20 /* TitleRow.swift */ = {isa = PBXFileReference; lastKnownFileType = sourcecode.swift; path = TitleRow.swift; sourceTree = "<group>"; };
		186F8A352A41C30A005AFD20 /* Message.swift */ = {isa = PBXFileReference; lastKnownFileType = sourcecode.swift; path = Message.swift; sourceTree = "<group>"; };
		186F8A372A41C356005AFD20 /* MessageBubble.swift */ = {isa = PBXFileReference; lastKnownFileType = sourcecode.swift; path = MessageBubble.swift; sourceTree = "<group>"; };
		186F8A392A41C7C1005AFD20 /* Extensions.swift */ = {isa = PBXFileReference; lastKnownFileType = sourcecode.swift; path = Extensions.swift; sourceTree = "<group>"; };
		186F8A3B2A41C9E1005AFD20 /* MessageField.swift */ = {isa = PBXFileReference; lastKnownFileType = sourcecode.swift; path = MessageField.swift; sourceTree = "<group>"; };
		186F8A3F2A41D17C005AFD20 /* MessagesManager.swift */ = {isa = PBXFileReference; lastKnownFileType = sourcecode.swift; path = MessagesManager.swift; sourceTree = "<group>"; };
/* End PBXFileReference section */

/* Begin PBXFrameworksBuildPhase section */
		186F8A0D2A41ABB9005AFD20 /* Frameworks */ = {
			isa = PBXFrameworksBuildPhase;
			buildActionMask = 2147483647;
			files = (
				186F8A262A41AD39005AFD20 /* FirebaseFirestore in Frameworks */,
				186F8A3E2A41CE5D005AFD20 /* FirebaseFirestoreSwift in Frameworks */,
			);
			runOnlyForDeploymentPostprocessing = 0;
		};
/* End PBXFrameworksBuildPhase section */

/* Begin PBXGroup section */
		186F8A072A41ABB9005AFD20 = {
			isa = PBXGroup;
			children = (
				186F8A122A41ABB9005AFD20 /* FIREMessage */,
				186F8A112A41ABB9005AFD20 /* Products */,
				186F8A242A41AD39005AFD20 /* Frameworks */,
			);
			sourceTree = "<group>";
		};
		186F8A112A41ABB9005AFD20 /* Products */ = {
			isa = PBXGroup;
			children = (
				186F8A102A41ABB9005AFD20 /* FIREMessage.app */,
			);
			name = Products;
			sourceTree = "<group>";
		};
		186F8A122A41ABB9005AFD20 /* FIREMessage */ = {
			isa = PBXGroup;
			children = (
				186F8A132A41ABB9005AFD20 /* FIREMessageApp.swift */,
				186F8A152A41ABB9005AFD20 /* ContentView.swift */,
				186F8A332A41C2EE005AFD20 /* Model */,
				186F8A342A41C2F5005AFD20 /* Components */,
				186F8A172A41ABBB005AFD20 /* Assets.xcassets */,
				186F8A212A41AC18005AFD20 /* GoogleService-Info.plist */,
				186F8A192A41ABBB005AFD20 /* Preview Content */,
			);
			path = FIREMessage;
			sourceTree = "<group>";
		};
		186F8A192A41ABBB005AFD20 /* Preview Content */ = {
			isa = PBXGroup;
			children = (
				186F8A1A2A41ABBB005AFD20 /* Preview Assets.xcassets */,
			);
			path = "Preview Content";
			sourceTree = "<group>";
		};
		186F8A242A41AD39005AFD20 /* Frameworks */ = {
			isa = PBXGroup;
			children = (
			);
			name = Frameworks;
			sourceTree = "<group>";
		};
		186F8A332A41C2EE005AFD20 /* Model */ = {
			isa = PBXGroup;
			children = (
				186F8A352A41C30A005AFD20 /* Message.swift */,
				186F8A3F2A41D17C005AFD20 /* MessagesManager.swift */,
			);
			path = Model;
			sourceTree = "<group>";
		};
		186F8A342A41C2F5005AFD20 /* Components */ = {
			isa = PBXGroup;
			children = (
				186F8A312A41C134005AFD20 /* TitleRow.swift */,
				186F8A392A41C7C1005AFD20 /* Extensions.swift */,
				186F8A372A41C356005AFD20 /* MessageBubble.swift */,
				186F8A3B2A41C9E1005AFD20 /* MessageField.swift */,
			);
			path = Components;
			sourceTree = "<group>";
		};
/* End PBXGroup section */

/* Begin PBXNativeTarget section */
		186F8A0F2A41ABB9005AFD20 /* FIREMessage */ = {
			isa = PBXNativeTarget;
			buildConfigurationList = 186F8A1E2A41ABBB005AFD20 /* Build configuration list for PBXNativeTarget "FIREMessage" */;
			buildPhases = (
				186F8A0C2A41ABB9005AFD20 /* Sources */,
				186F8A0D2A41ABB9005AFD20 /* Frameworks */,
				186F8A0E2A41ABB9005AFD20 /* Resources */,
			);
			buildRules = (
			);
			dependencies = (
			);
			name = FIREMessage;
			packageProductDependencies = (
				186F8A252A41AD39005AFD20 /* FirebaseFirestore */,
				186F8A3D2A41CE5D005AFD20 /* FirebaseFirestoreSwift */,
			);
			productName = FIREMessage;
			productReference = 186F8A102A41ABB9005AFD20 /* FIREMessage.app */;
			productType = "com.apple.product-type.application";
		};
/* End PBXNativeTarget section */

/* Begin PBXProject section */
		186F8A082A41ABB9005AFD20 /* Project object */ = {
			isa = PBXProject;
			attributes = {
				BuildIndependentTargetsInParallel = 1;
				LastSwiftUpdateCheck = 1430;
				LastUpgradeCheck = 1430;
				TargetAttributes = {
					186F8A0F2A41ABB9005AFD20 = {
						CreatedOnToolsVersion = 14.3.1;
					};
				};
			};
			buildConfigurationList = 186F8A0B2A41ABB9005AFD20 /* Build configuration list for PBXProject "FIREMessage" */;
			compatibilityVersion = "Xcode 14.0";
			developmentRegion = en;
			hasScannedForEncodings = 0;
			knownRegions = (
				en,
				Base,
			);
			mainGroup = 186F8A072A41ABB9005AFD20;
			packageReferences = (
				186F8A232A41ACA6005AFD20 /* XCRemoteSwiftPackageReference "firebase-ios-sdk" */,
			);
			productRefGroup = 186F8A112A41ABB9005AFD20 /* Products */;
			projectDirPath = "";
			projectRoot = "";
			targets = (
				186F8A0F2A41ABB9005AFD20 /* FIREMessage */,
			);
		};
/* End PBXProject section */

/* Begin PBXResourcesBuildPhase section */
		186F8A0E2A41ABB9005AFD20 /* Resources */ = {
			isa = PBXResourcesBuildPhase;
			buildActionMask = 2147483647;
			files = (
				186F8A1B2A41ABBB005AFD20 /* Preview Assets.xcassets in Resources */,
				186F8A182A41ABBB005AFD20 /* Assets.xcassets in Resources */,
				186F8A222A41AC18005AFD20 /* GoogleService-Info.plist in Resources */,
			);
			runOnlyForDeploymentPostprocessing = 0;
		};
/* End PBXResourcesBuildPhase section */

/* Begin PBXSourcesBuildPhase section */
		186F8A0C2A41ABB9005AFD20 /* Sources */ = {
			isa = PBXSourcesBuildPhase;
			buildActionMask = 2147483647;
			files = (
				186F8A162A41ABB9005AFD20 /* ContentView.swift in Sources */,
				186F8A3A2A41C7C1005AFD20 /* Extensions.swift in Sources */,
				186F8A362A41C30A005AFD20 /* Message.swift in Sources */,
				186F8A402A41D17C005AFD20 /* MessagesManager.swift in Sources */,
				186F8A3C2A41C9E1005AFD20 /* MessageField.swift in Sources */,
				186F8A382A41C356005AFD20 /* MessageBubble.swift in Sources */,
				186F8A142A41ABB9005AFD20 /* FIREMessageApp.swift in Sources */,
				186F8A322A41C134005AFD20 /* TitleRow.swift in Sources */,
			);
			runOnlyForDeploymentPostprocessing = 0;
		};
/* End PBXSourcesBuildPhase section */

/* Begin XCBuildConfiguration section */
		186F8A1C2A41ABBB005AFD20 /* Debug */ = {
			isa = XCBuildConfiguration;
			buildSettings = {
				ALWAYS_SEARCH_USER_PATHS = NO;
				CLANG_ANALYZER_NONNULL = YES;
				CLANG_ANALYZER_NUMBER_OBJECT_CONVERSION = YES_AGGRESSIVE;
				CLANG_CXX_LANGUAGE_STANDARD = "gnu++20";
				CLANG_ENABLE_MODULES = YES;
				CLANG_ENABLE_OBJC_ARC = YES;
				CLANG_ENABLE_OBJC_WEAK = YES;
				CLANG_WARN_BLOCK_CAPTURE_AUTORELEASING = YES;
				CLANG_WARN_BOOL_CONVERSION = YES;
				CLANG_WARN_COMMA = YES;
				CLANG_WARN_CONSTANT_CONVERSION = YES;
				CLANG_WARN_DEPRECATED_OBJC_IMPLEMENTATIONS = YES;
				CLANG_WARN_DIRECT_OBJC_ISA_USAGE = YES_ERROR;
				CLANG_WARN_DOCUMENTATION_COMMENTS = YES;
				CLANG_WARN_EMPTY_BODY = YES;
				CLANG_WARN_ENUM_CONVERSION = YES;
				CLANG_WARN_INFINITE_RECURSION = YES;
				CLANG_WARN_INT_CONVERSION = YES;
				CLANG_WARN_NON_LITERAL_NULL_CONVERSION = YES;
				CLANG_WARN_OBJC_IMPLICIT_RETAIN_SELF = YES;
				CLANG_WARN_OBJC_LITERAL_CONVERSION = YES;
				CLANG_WARN_OBJC_ROOT_CLASS = YES_ERROR;
				CLANG_WARN_QUOTED_INCLUDE_IN_FRAMEWORK_HEADER = YES;
				CLANG_WARN_RANGE_LOOP_ANALYSIS = YES;
				CLANG_WARN_STRICT_PROTOTYPES = YES;
				CLANG_WARN_SUSPICIOUS_MOVE = YES;
				CLANG_WARN_UNGUARDED_AVAILABILITY = YES_AGGRESSIVE;
				CLANG_WARN_UNREACHABLE_CODE = YES;
				CLANG_WARN__DUPLICATE_METHOD_MATCH = YES;
				COPY_PHASE_STRIP = NO;
				DEBUG_INFORMATION_FORMAT = dwarf;
				ENABLE_STRICT_OBJC_MSGSEND = YES;
				ENABLE_TESTABILITY = YES;
				GCC_C_LANGUAGE_STANDARD = gnu11;
				GCC_DYNAMIC_NO_PIC = NO;
				GCC_NO_COMMON_BLOCKS = YES;
				GCC_OPTIMIZATION_LEVEL = 0;
				GCC_PREPROCESSOR_DEFINITIONS = (
					"DEBUG=1",
					"$(inherited)",
				);
				GCC_WARN_64_TO_32_BIT_CONVERSION = YES;
				GCC_WARN_ABOUT_RETURN_TYPE = YES_ERROR;
				GCC_WARN_UNDECLARED_SELECTOR = YES;
				GCC_WARN_UNINITIALIZED_AUTOS = YES_AGGRESSIVE;
				GCC_WARN_UNUSED_FUNCTION = YES;
				GCC_WARN_UNUSED_VARIABLE = YES;
				IPHONEOS_DEPLOYMENT_TARGET = 16.4;
				MTL_ENABLE_DEBUG_INFO = INCLUDE_SOURCE;
				MTL_FAST_MATH = YES;
				ONLY_ACTIVE_ARCH = YES;
				SDKROOT = iphoneos;
				SWIFT_ACTIVE_COMPILATION_CONDITIONS = DEBUG;
				SWIFT_OPTIMIZATION_LEVEL = "-Onone";
			};
			name = Debug;
		};
		186F8A1D2A41ABBB005AFD20 /* Release */ = {
			isa = XCBuildConfiguration;
			buildSettings = {
				ALWAYS_SEARCH_USER_PATHS = NO;
				CLANG_ANALYZER_NONNULL = YES;
				CLANG_ANALYZER_NUMBER_OBJECT_CONVERSION = YES_AGGRESSIVE;
				CLANG_CXX_LANGUAGE_STANDARD = "gnu++20";
				CLANG_ENABLE_MODULES = YES;
				CLANG_ENABLE_OBJC_ARC = YES;
				CLANG_ENABLE_OBJC_WEAK = YES;
				CLANG_WARN_BLOCK_CAPTURE_AUTORELEASING = YES;
				CLANG_WARN_BOOL_CONVERSION = YES;
				CLANG_WARN_COMMA = YES;
				CLANG_WARN_CONSTANT_CONVERSION = YES;
				CLANG_WARN_DEPRECATED_OBJC_IMPLEMENTATIONS = YES;
				CLANG_WARN_DIRECT_OBJC_ISA_USAGE = YES_ERROR;
				CLANG_WARN_DOCUMENTATION_COMMENTS = YES;
				CLANG_WARN_EMPTY_BODY = YES;
				CLANG_WARN_ENUM_CONVERSION = YES;
				CLANG_WARN_INFINITE_RECURSION = YES;
				CLANG_WARN_INT_CONVERSION = YES;
				CLANG_WARN_NON_LITERAL_NULL_CONVERSION = YES;
				CLANG_WARN_OBJC_IMPLICIT_RETAIN_SELF = YES;
				CLANG_WARN_OBJC_LITERAL_CONVERSION = YES;
				CLANG_WARN_OBJC_ROOT_CLASS = YES_ERROR;
				CLANG_WARN_QUOTED_INCLUDE_IN_FRAMEWORK_HEADER = YES;
				CLANG_WARN_RANGE_LOOP_ANALYSIS = YES;
				CLANG_WARN_STRICT_PROTOTYPES = YES;
				CLANG_WARN_SUSPICIOUS_MOVE = YES;
				CLANG_WARN_UNGUARDED_AVAILABILITY = YES_AGGRESSIVE;
				CLANG_WARN_UNREACHABLE_CODE = YES;
				CLANG_WARN__DUPLICATE_METHOD_MATCH = YES;
				COPY_PHASE_STRIP = NO;
				DEBUG_INFORMATION_FORMAT = "dwarf-with-dsym";
				ENABLE_NS_ASSERTIONS = NO;
				ENABLE_STRICT_OBJC_MSGSEND = YES;
				GCC_C_LANGUAGE_STANDARD = gnu11;
				GCC_NO_COMMON_BLOCKS = YES;
				GCC_WARN_64_TO_32_BIT_CONVERSION = YES;
				GCC_WARN_ABOUT_RETURN_TYPE = YES_ERROR;
				GCC_WARN_UNDECLARED_SELECTOR = YES;
				GCC_WARN_UNINITIALIZED_AUTOS = YES_AGGRESSIVE;
				GCC_WARN_UNUSED_FUNCTION = YES;
				GCC_WARN_UNUSED_VARIABLE = YES;
				IPHONEOS_DEPLOYMENT_TARGET = 16.4;
				MTL_ENABLE_DEBUG_INFO = NO;
				MTL_FAST_MATH = YES;
				SDKROOT = iphoneos;
				SWIFT_COMPILATION_MODE = wholemodule;
				SWIFT_OPTIMIZATION_LEVEL = "-O";
				VALIDATE_PRODUCT = YES;
			};
			name = Release;
		};
		186F8A1F2A41ABBB005AFD20 /* Debug */ = {
			isa = XCBuildConfiguration;
			buildSettings = {
				ASSETCATALOG_COMPILER_APPICON_NAME = AppIcon;
				ASSETCATALOG_COMPILER_GLOBAL_ACCENT_COLOR_NAME = AccentColor;
				CODE_SIGN_STYLE = Automatic;
				CURRENT_PROJECT_VERSION = 1;
				DEVELOPMENT_ASSET_PATHS = "\"FIREMessage/Preview Content\"";
				DEVELOPMENT_TEAM = 3K3GFX53DY;
				ENABLE_PREVIEWS = YES;
				GENERATE_INFOPLIST_FILE = YES;
				INFOPLIST_KEY_UIApplicationSceneManifest_Generation = YES;
				INFOPLIST_KEY_UIApplicationSupportsIndirectInputEvents = YES;
				INFOPLIST_KEY_UILaunchScreen_Generation = YES;
				INFOPLIST_KEY_UIRequiresFullScreen = YES;
				INFOPLIST_KEY_UISupportedInterfaceOrientations = UIInterfaceOrientationPortrait;
				LD_RUNPATH_SEARCH_PATHS = (
					"$(inherited)",
					"@executable_path/Frameworks",
				);
				MARKETING_VERSION = 1.0;
				PRODUCT_BUNDLE_IDENTIFIER = me.cilia.filippo.FIREMessage;
				PRODUCT_NAME = "$(TARGET_NAME)";
				SUPPORTED_PLATFORMS = "iphoneos iphonesimulator";
				SUPPORTS_MACCATALYST = NO;
				SUPPORTS_MAC_DESIGNED_FOR_IPHONE_IPAD = NO;
				SWIFT_EMIT_LOC_STRINGS = YES;
				SWIFT_VERSION = 5.0;
				TARGETED_DEVICE_FAMILY = "1,2";
			};
			name = Debug;
		};
		186F8A202A41ABBB005AFD20 /* Release */ = {
			isa = XCBuildConfiguration;
			buildSettings = {
				ASSETCATALOG_COMPILER_APPICON_NAME = AppIcon;
				ASSETCATALOG_COMPILER_GLOBAL_ACCENT_COLOR_NAME = AccentColor;
				CODE_SIGN_STYLE = Automatic;
				CURRENT_PROJECT_VERSION = 1;
				DEVELOPMENT_ASSET_PATHS = "\"FIREMessage/Preview Content\"";
				DEVELOPMENT_TEAM = 3K3GFX53DY;
				ENABLE_PREVIEWS = YES;
				GENERATE_INFOPLIST_FILE = YES;
				INFOPLIST_KEY_UIApplicationSceneManifest_Generation = YES;
				INFOPLIST_KEY_UIApplicationSupportsIndirectInputEvents = YES;
				INFOPLIST_KEY_UILaunchScreen_Generation = YES;
				INFOPLIST_KEY_UIRequiresFullScreen = YES;
				INFOPLIST_KEY_UISupportedInterfaceOrientations = UIInterfaceOrientationPortrait;
				LD_RUNPATH_SEARCH_PATHS = (
					"$(inherited)",
					"@executable_path/Frameworks",
				);
				MARKETING_VERSION = 1.0;
				PRODUCT_BUNDLE_IDENTIFIER = me.cilia.filippo.FIREMessage;
				PRODUCT_NAME = "$(TARGET_NAME)";
				SUPPORTED_PLATFORMS = "iphoneos iphonesimulator";
				SUPPORTS_MACCATALYST = NO;
				SUPPORTS_MAC_DESIGNED_FOR_IPHONE_IPAD = NO;
				SWIFT_EMIT_LOC_STRINGS = YES;
				SWIFT_VERSION = 5.0;
				TARGETED_DEVICE_FAMILY = "1,2";
			};
			name = Release;
		};
/* End XCBuildConfiguration section */

/* Begin XCConfigurationList section */
		186F8A0B2A41ABB9005AFD20 /* Build configuration list for PBXProject "FIREMessage" */ = {
			isa = XCConfigurationList;
			buildConfigurations = (
				186F8A1C2A41ABBB005AFD20 /* Debug */,
				186F8A1D2A41ABBB005AFD20 /* Release */,
			);
			defaultConfigurationIsVisible = 0;
			defaultConfigurationName = Release;
		};
		186F8A1E2A41ABBB005AFD20 /* Build configuration list for PBXNativeTarget "FIREMessage" */ = {
			isa = XCConfigurationList;
			buildConfigurations = (
				186F8A1F2A41ABBB005AFD20 /* Debug */,
				186F8A202A41ABBB005AFD20 /* Release */,
			);
			defaultConfigurationIsVisible = 0;
			defaultConfigurationName = Release;
		};
/* End XCConfigurationList section */

/* Begin XCRemoteSwiftPackageReference section */
		186F8A232A41ACA6005AFD20 /* XCRemoteSwiftPackageReference "firebase-ios-sdk" */ = {
			isa = XCRemoteSwiftPackageReference;
			repositoryURL = "https://github.com/firebase/firebase-ios-sdk.git";
			requirement = {
				kind = upToNextMajorVersion;
				minimumVersion = 10.0.0;
			};
		};
/* End XCRemoteSwiftPackageReference section */

/* Begin XCSwiftPackageProductDependency section */
		186F8A252A41AD39005AFD20 /* FirebaseFirestore */ = {
			isa = XCSwiftPackageProductDependency;
			package = 186F8A232A41ACA6005AFD20 /* XCRemoteSwiftPackageReference "firebase-ios-sdk" */;
			productName = FirebaseFirestore;
		};
		186F8A3D2A41CE5D005AFD20 /* FirebaseFirestoreSwift */ = {
			isa = XCSwiftPackageProductDependency;
			package = 186F8A232A41ACA6005AFD20 /* XCRemoteSwiftPackageReference "firebase-ios-sdk" */;
			productName = FirebaseFirestoreSwift;
		};
/* End XCSwiftPackageProductDependency section */
	};
	rootObject = 186F8A082A41ABB9005AFD20 /* Project object */;
}
